
Microsoft Visual Studio Solution File, Format Version 12.00
# Visual Studio Version 17
VisualStudioVersion = 17.5.002.0
MinimumVisualStudioVersion = 10.0.40219.1
Project("{9A19103F-16F7-4668-BE54-9A1E7A4F7556}") = "corSharp", "corSharp.csproj", "{21AC40EB-AB98-4CF4-992C-B95FF900245D}"
EndProject
Global
	GlobalSection(SolutionConfigurationPlatforms) = preSolution
		Debug|Any CPU = Debug|Any CPU
		Release|Any CPU = Release|Any CPU
	EndGlobalSection
	GlobalSection(ProjectConfigurationPlatforms) = postSolution
		{21AC40EB-AB98-4CF4-992C-B95FF900245D}.Debug|Any CPU.ActiveCfg = Debug|Any CPU
		{21AC40EB-AB98-4CF4-992C-B95FF900245D}.Debug|Any CPU.Build.0 = Debug|Any CPU
		{21AC40EB-AB98-4CF4-992C-B95FF900245D}.Release|Any CPU.ActiveCfg = Release|Any CPU
		{21AC40EB-AB98-4CF4-992C-B95FF900245D}.Release|Any CPU.Build.0 = Release|Any CPU
	EndGlobalSection
	GlobalSection(SolutionProperties) = preSolution
		HideSolutionNode = FALSE
	EndGlobalSection
	GlobalSection(ExtensibilityGlobals) = postSolution
		SolutionGuid = {F6B5D53A-23D7-4D3C-B0AD-4668CA91F588}
	EndGlobalSection
EndGlobal
